{
  "name": "reveal.js",
  "version": "3.5.0",
  "lockfileVersion": 1,
  "requires": true,
  "dependencies": {
    "lodash": {
      "version": "3.10.1",
      "resolved": "https://registry.npmjs.org/lodash/-/lodash-3.10.1.tgz",
      "integrity": "sha1-W/Rejkm6QYnhfUgnid/RW9FAt7Y="
    },
    "reveal-ga": {
      "version": "0.1.0",
      "resolved": "https://registry.npmjs.org/reveal-ga/-/reveal-ga-0.1.0.tgz",
      "integrity": "sha1-ZVfHgchZYxUHC6k1o5bGTbBSV/E=",
      "requires": {
        "lodash": "3.10.1"
      }
    }
  }
}
